
Microsoft Visual Studio Solution File, Format Version 12.00
# Visual Studio Version 16
VisualStudioVersion = 16.0.32002.261
MinimumVisualStudioVersion = 10.0.40219.1
Project("{FAE04EC0-301F-11D3-BF4B-00C04F79EFBC}") = "BowlingLeagueWebApp", "BowlingLeagueWebApp\BowlingLeagueWebApp.csproj", "{6C61BC52-C3BF-4360-BD7A-E2BB6B13ADB6}"
EndProject
Global
	GlobalSection(SolutionConfigurationPlatforms) = preSolution
		Debug|Any CPU = Debug|Any CPU
		Release|Any CPU = Release|Any CPU
	EndGlobalSection
	GlobalSection(ProjectConfigurationPlatforms) = postSolution
		{6C61BC52-C3BF-4360-BD7A-E2BB6B13ADB6}.Debug|Any CPU.ActiveCfg = Debug|Any CPU
		{6C61BC52-C3BF-4360-BD7A-E2BB6B13ADB6}.Debug|Any CPU.Build.0 = Debug|Any CPU
		{6C61BC52-C3BF-4360-BD7A-E2BB6B13ADB6}.Release|Any CPU.ActiveCfg = Release|Any CPU
		{6C61BC52-C3BF-4360-BD7A-E2BB6B13ADB6}.Release|Any CPU.Build.0 = Release|Any CPU
	EndGlobalSection
	GlobalSection(SolutionProperties) = preSolution
		HideSolutionNode = FALSE
	EndGlobalSection
	GlobalSection(ExtensibilityGlobals) = postSolution
		SolutionGuid = {DF1C66B3-9EF5-4566-96A7-3079B5FE20F1}
	EndGlobalSection
EndGlobal
